// !$*UTF8*$!
{
	archiveVersion = 1;
	classes = {
	};
	objectVersion = 46;
	objects = {

/* Begin PBXBuildFile section */
		9853CCC11EF0552C007C60F6 /* AppDelegate.swift in Sources */ = {isa = PBXBuildFile; fileRef = 9853CCC01EF0552C007C60F6 /* AppDelegate.swift */; };
		9853CCC31EF0552C007C60F6 /* ViewController.swift in Sources */ = {isa = PBXBuildFile; fileRef = 9853CCC21EF0552C007C60F6 /* ViewController.swift */; };
		9853CCC61EF0552C007C60F6 /* Main.storyboard in Resources */ = {isa = PBXBuildFile; fileRef = 9853CCC41EF0552C007C60F6 /* Main.storyboard */; };
		9853CCC81EF0552C007C60F6 /* Assets.xcassets in Resources */ = {isa = PBXBuildFile; fileRef = 9853CCC71EF0552C007C60F6 /* Assets.xcassets */; };
		9853CCCB1EF0552C007C60F6 /* LaunchScreen.storyboard in Resources */ = {isa = PBXBuildFile; fileRef = 9853CCC91EF0552C007C60F6 /* LaunchScreen.storyboard */; };
		9853CCD61EF0552C007C60F6 /* MinorityReportTests.swift in Sources */ = {isa = PBXBuildFile; fileRef = 9853CCD51EF0552C007C60F6 /* MinorityReportTests.swift */; };
		9853CCE11EF0552C007C60F6 /* MinorityReportUITests.swift in Sources */ = {isa = PBXBuildFile; fileRef = 9853CCE01EF0552C007C60F6 /* MinorityReportUITests.swift */; };
/* End PBXBuildFile section */

/* Begin PBXContainerItemProxy section */
		9853CCD21EF0552C007C60F6 /* PBXContainerItemProxy */ = {
			isa = PBXContainerItemProxy;
			containerPortal = 9853CCB51EF0552B007C60F6 /* Project object */;
			proxyType = 1;
			remoteGlobalIDString = 9853CCBC1EF0552C007C60F6;
			remoteInfo = MinorityReport;
		};
		9853CCDD1EF0552C007C60F6 /* PBXContainerItemProxy */ = {
			isa = PBXContainerItemProxy;
			containerPortal = 9853CCB51EF0552B007C60F6 /* Project object */;
			proxyType = 1;
			remoteGlobalIDString = 9853CCBC1EF0552C007C60F6;
			remoteInfo = MinorityReport;
		};
/* End PBXContainerItemProxy section */

/* Begin PBXFileReference section */
		9853CCBD1EF0552C007C60F6 /* MinorityReport.app */ = {isa = PBXFileReference; explicitFileType = wrapper.application; includeInIndex = 0; path = MinorityReport.app; sourceTree = BUILT_PRODUCTS_DIR; };
		9853CCC01EF0552C007C60F6 /* AppDelegate.swift */ = {isa = PBXFileReference; lastKnownFileType = sourcecode.swift; path = AppDelegate.swift; sourceTree = "<group>"; };
		9853CCC21EF0552C007C60F6 /* ViewController.swift */ = {isa = PBXFileReference; lastKnownFileType = sourcecode.swift; path = ViewController.swift; sourceTree = "<group>"; };
		9853CCC51EF0552C007C60F6 /* Base */ = {isa = PBXFileReference; lastKnownFileType = file.storyboard; name = Base; path = Base.lproj/Main.storyboard; sourceTree = "<group>"; };
		9853CCC71EF0552C007C60F6 /* Assets.xcassets */ = {isa = PBXFileReference; lastKnownFileType = folder.assetcatalog; path = Assets.xcassets; sourceTree = "<group>"; };
		9853CCCA1EF0552C007C60F6 /* Base */ = {isa = PBXFileReference; lastKnownFileType = file.storyboard; name = Base; path = Base.lproj/LaunchScreen.storyboard; sourceTree = "<group>"; };
		9853CCCC1EF0552C007C60F6 /* Info.plist */ = {isa = PBXFileReference; lastKnownFileType = text.plist.xml; path = Info.plist; sourceTree = "<group>"; };
		9853CCD11EF0552C007C60F6 /* MinorityReportTests.xctest */ = {isa = PBXFileReference; explicitFileType = wrapper.cfbundle; includeInIndex = 0; path = MinorityReportTests.xctest; sourceTree = BUILT_PRODUCTS_DIR; };
		9853CCD51EF0552C007C60F6 /* MinorityReportTests.swift */ = {isa = PBXFileReference; lastKnownFileType = sourcecode.swift; path = MinorityReportTests.swift; sourceTree = "<group>"; };
		9853CCD71EF0552C007C60F6 /* Info.plist */ = {isa = PBXFileReference; lastKnownFileType = text.plist.xml; path = Info.plist; sourceTree = "<group>"; };
		9853CCDC1EF0552C007C60F6 /* MinorityReportUITests.xctest */ = {isa = PBXFileReference; explicitFileType = wrapper.cfbundle; includeInIndex = 0; path = MinorityReportUITests.xctest; sourceTree = BUILT_PRODUCTS_DIR; };
		9853CCE01EF0552C007C60F6 /* MinorityReportUITests.swift */ = {isa = PBXFileReference; lastKnownFileType = sourcecode.swift; path = MinorityReportUITests.swift; sourceTree = "<group>"; };
		9853CCE21EF0552C007C60F6 /* Info.plist */ = {isa = PBXFileReference; lastKnownFileType = text.plist.xml; path = Info.plist; sourceTree = "<group>"; };
/* End PBXFileReference section */

/* Begin PBXFrameworksBuildPhase section */
		9853CCBA1EF0552C007C60F6 /* Frameworks */ = {
			isa = PBXFrameworksBuildPhase;
			buildActionMask = 2147483647;
			files = (
			);
			runOnlyForDeploymentPostprocessing = 0;
		};
		9853CCCE1EF0552C007C60F6 /* Frameworks */ = {
			isa = PBXFrameworksBuildPhase;
			buildActionMask = 2147483647;
			files = (
			);
			runOnlyForDeploymentPostprocessing = 0;
		};
		9853CCD91EF0552C007C60F6 /* Frameworks */ = {
			isa = PBXFrameworksBuildPhase;
			buildActionMask = 2147483647;
			files = (
			);
			runOnlyForDeploymentPostprocessing = 0;
		};
/* End PBXFrameworksBuildPhase section */

/* Begin PBXGroup section */
		9853CCB41EF0552B007C60F6 = {
			isa = PBXGroup;
			children = (
				9853CCBF1EF0552C007C60F6 /* MinorityReport */,
				9853CCD41EF0552C007C60F6 /* MinorityReportTests */,
				9853CCDF1EF0552C007C60F6 /* MinorityReportUITests */,
				9853CCBE1EF0552C007C60F6 /* Products */,
			);
			sourceTree = "<group>";
		};
		9853CCBE1EF0552C007C60F6 /* Products */ = {
			isa = PBXGroup;
			children = (
				9853CCBD1EF0552C007C60F6 /* MinorityReport.app */,
				9853CCD11EF0552C007C60F6 /* MinorityReportTests.xctest */,
				9853CCDC1EF0552C007C60F6 /* MinorityReportUITests.xctest */,
			);
			name = Products;
			sourceTree = "<group>";
		};
		9853CCBF1EF0552C007C60F6 /* MinorityReport */ = {
			isa = PBXGroup;
			children = (
				9853CCC01EF0552C007C60F6 /* AppDelegate.swift */,
				9853CCC21EF0552C007C60F6 /* ViewController.swift */,
				9853CCC41EF0552C007C60F6 /* Main.storyboard */,
				9853CCC71EF0552C007C60F6 /* Assets.xcassets */,
				9853CCC91EF0552C007C60F6 /* LaunchScreen.storyboard */,
				9853CCCC1EF0552C007C60F6 /* Info.plist */,
			);
			path = MinorityReport;
			sourceTree = "<group>";
		};
		9853CCD41EF0552C007C60F6 /* MinorityReportTests */ = {
			isa = PBXGroup;
			children = (
				9853CCD51EF0552C007C60F6 /* MinorityReportTests.swift */,
				9853CCD71EF0552C007C60F6 /* Info.plist */,
			);
			path = MinorityReportTests;
			sourceTree = "<group>";
		};
		9853CCDF1EF0552C007C60F6 /* MinorityReportUITests */ = {
			isa = PBXGroup;
			children = (
				9853CCE01EF0552C007C60F6 /* MinorityReportUITests.swift */,
				9853CCE21EF0552C007C60F6 /* Info.plist */,
			);
			path = MinorityReportUITests;
			sourceTree = "<group>";
		};
/* End PBXGroup section */

/* Begin PBXNativeTarget section */
		9853CCBC1EF0552C007C60F6 /* MinorityReport */ = {
			isa = PBXNativeTarget;
			buildConfigurationList = 9853CCE51EF0552C007C60F6 /* Build configuration list for PBXNativeTarget "MinorityReport" */;
			buildPhases = (
				9853CCB91EF0552C007C60F6 /* Sources */,
				9853CCBA1EF0552C007C60F6 /* Frameworks */,
				9853CCBB1EF0552C007C60F6 /* Resources */,
			);
			buildRules = (
			);
			dependencies = (
			);
			name = MinorityReport;
			productName = MinorityReport;
			productReference = 9853CCBD1EF0552C007C60F6 /* MinorityReport.app */;
			productType = "com.apple.product-type.application";
		};
		9853CCD01EF0552C007C60F6 /* MinorityReportTests */ = {
			isa = PBXNativeTarget;
			buildConfigurationList = 9853CCE81EF0552C007C60F6 /* Build configuration list for PBXNativeTarget "MinorityReportTests" */;
			buildPhases = (
				9853CCCD1EF0552C007C60F6 /* Sources */,
				9853CCCE1EF0552C007C60F6 /* Frameworks */,
				9853CCCF1EF0552C007C60F6 /* Resources */,
			);
			buildRules = (
			);
			dependencies = (
				9853CCD31EF0552C007C60F6 /* PBXTargetDependency */,
			);
			name = MinorityReportTests;
			productName = MinorityReportTests;
			productReference = 9853CCD11EF0552C007C60F6 /* MinorityReportTests.xctest */;
			productType = "com.apple.product-type.bundle.unit-test";
		};
		9853CCDB1EF0552C007C60F6 /* MinorityReportUITests */ = {
			isa = PBXNativeTarget;
			buildConfigurationList = 9853CCEB1EF0552C007C60F6 /* Build configuration list for PBXNativeTarget "MinorityReportUITests" */;
			buildPhases = (
				9853CCD81EF0552C007C60F6 /* Sources */,
				9853CCD91EF0552C007C60F6 /* Frameworks */,
				9853CCDA1EF0552C007C60F6 /* Resources */,
			);
			buildRules = (
			);
			dependencies = (
				9853CCDE1EF0552C007C60F6 /* PBXTargetDependency */,
			);
			name = MinorityReportUITests;
			productName = MinorityReportUITests;
			productReference = 9853CCDC1EF0552C007C60F6 /* MinorityReportUITests.xctest */;
			productType = "com.apple.product-type.bundle.ui-testing";
		};
/* End PBXNativeTarget section */

/* Begin PBXProject section */
		9853CCB51EF0552B007C60F6 /* Project object */ = {
			isa = PBXProject;
			attributes = {
				LastSwiftUpdateCheck = 0830;
				LastUpgradeCheck = 0830;
				ORGANIZATIONNAME = "Ziyun Ma";
				TargetAttributes = {
					9853CCBC1EF0552C007C60F6 = {
						CreatedOnToolsVersion = 8.3.2;
						ProvisioningStyle = Automatic;
					};
					9853CCD01EF0552C007C60F6 = {
						CreatedOnToolsVersion = 8.3.2;
						ProvisioningStyle = Automatic;
						TestTargetID = 9853CCBC1EF0552C007C60F6;
					};
					9853CCDB1EF0552C007C60F6 = {
						CreatedOnToolsVersion = 8.3.2;
						ProvisioningStyle = Automatic;
						TestTargetID = 9853CCBC1EF0552C007C60F6;
					};
				};
			};
			buildConfigurationList = 9853CCB81EF0552B007C60F6 /* Build configuration list for PBXProject "MinorityReport" */;
			compatibilityVersion = "Xcode 3.2";
			developmentRegion = English;
			hasScannedForEncodings = 0;
			knownRegions = (
				en,
				Base,
			);
			mainGroup = 9853CCB41EF0552B007C60F6;
			productRefGroup = 9853CCBE1EF0552C007C60F6 /* Products */;
			projectDirPath = "";
			projectRoot = "";
			targets = (
				9853CCBC1EF0552C007C60F6 /* MinorityReport */,
				9853CCD01EF0552C007C60F6 /* MinorityReportTests */,
				9853CCDB1EF0552C007C60F6 /* MinorityReportUITests */,
			);
		};
/* End PBXProject section */

/* Begin PBXResourcesBuildPhase section */
		9853CCBB1EF0552C007C60F6 /* Resources */ = {
			isa = PBXResourcesBuildPhase;
			buildActionMask = 2147483647;
			files = (
				9853CCCB1EF0552C007C60F6 /* LaunchScreen.storyboard in Resources */,
				9853CCC81EF0552C007C60F6 /* Assets.xcassets in Resources */,
				9853CCC61EF0552C007C60F6 /* Main.storyboard in Resources */,
			);
			runOnlyForDeploymentPostprocessing = 0;
		};
		9853CCCF1EF0552C007C60F6 /* Resources */ = {
			isa = PBXResourcesBuildPhase;
			buildActionMask = 2147483647;
			files = (
			);
			runOnlyForDeploymentPostprocessing = 0;
		};
		9853CCDA1EF0552C007C60F6 /* Resources */ = {
			isa = PBXResourcesBuildPhase;
			buildActionMask = 2147483647;
			files = (
			);
			runOnlyForDeploymentPostprocessing = 0;
		};
/* End PBXResourcesBuildPhase section */

/* Begin PBXSourcesBuildPhase section */
		9853CCB91EF0552C007C60F6 /* Sources */ = {
			isa = PBXSourcesBuildPhase;
			buildActionMask = 2147483647;
			files = (
				9853CCC31EF0552C007C60F6 /* ViewController.swift in Sources */,
				9853CCC11EF0552C007C60F6 /* AppDelegate.swift in Sources */,
			);
			runOnlyForDeploymentPostprocessing = 0;
		};
		9853CCCD1EF0552C007C60F6 /* Sources */ = {
			isa = PBXSourcesBuildPhase;
			buildActionMask = 2147483647;
			files = (
				9853CCD61EF0552C007C60F6 /* MinorityReportTests.swift in Sources */,
			);
			runOnlyForDeploymentPostprocessing = 0;
		};
		9853CCD81EF0552C007C60F6 /* Sources */ = {
			isa = PBXSourcesBuildPhase;
			buildActionMask = 2147483647;
			files = (
				9853CCE11EF0552C007C60F6 /* MinorityReportUITests.swift in Sources */,
			);
			runOnlyForDeploymentPostprocessing = 0;
		};
/* End PBXSourcesBuildPhase section */

/* Begin PBXTargetDependency section */
		9853CCD31EF0552C007C60F6 /* PBXTargetDependency */ = {
			isa = PBXTargetDependency;
			target = 9853CCBC1EF0552C007C60F6 /* MinorityReport */;
			targetProxy = 9853CCD21EF0552C007C60F6 /* PBXContainerItemProxy */;
		};
		9853CCDE1EF0552C007C60F6 /* PBXTargetDependency */ = {
			isa = PBXTargetDependency;
			target = 9853CCBC1EF0552C007C60F6 /* MinorityReport */;
			targetProxy = 9853CCDD1EF0552C007C60F6 /* PBXContainerItemProxy */;
		};
/* End PBXTargetDependency section */

/* Begin PBXVariantGroup section */
		9853CCC41EF0552C007C60F6 /* Main.storyboard */ = {
			isa = PBXVariantGroup;
			children = (
				9853CCC51EF0552C007C60F6 /* Base */,
			);
			name = Main.storyboard;
			sourceTree = "<group>";
		};
		9853CCC91EF0552C007C60F6 /* LaunchScreen.storyboard */ = {
			isa = PBXVariantGroup;
			children = (
				9853CCCA1EF0552C007C60F6 /* Base */,
			);
			name = LaunchScreen.storyboard;
			sourceTree = "<group>";
		};
/* End PBXVariantGroup section */

/* Begin XCBuildConfiguration section */
		9853CCE31EF0552C007C60F6 /* Debug */ = {
			isa = XCBuildConfiguration;
			buildSettings = {
				ALWAYS_SEARCH_USER_PATHS = NO;
				CLANG_ANALYZER_NONNULL = YES;
				CLANG_ANALYZER_NUMBER_OBJECT_CONVERSION = YES_AGGRESSIVE;
				CLANG_CXX_LANGUAGE_STANDARD = "gnu++0x";
				CLANG_CXX_LIBRARY = "libc++";
				CLANG_ENABLE_MODULES = YES;
				CLANG_ENABLE_OBJC_ARC = YES;
				CLANG_WARN_BOOL_CONVERSION = YES;
				CLANG_WARN_CONSTANT_CONVERSION = YES;
				CLANG_WARN_DIRECT_OBJC_ISA_USAGE = YES_ERROR;
				CLANG_WARN_DOCUMENTATION_COMMENTS = YES;
				CLANG_WARN_EMPTY_BODY = YES;
				CLANG_WARN_ENUM_CONVERSION = YES;
				CLANG_WARN_INFINITE_RECURSION = YES;
				CLANG_WARN_INT_CONVERSION = YES;
				CLANG_WARN_OBJC_ROOT_CLASS = YES_ERROR;
				CLANG_WARN_SUSPICIOUS_MOVE = YES;
				CLANG_WARN_UNREACHABLE_CODE = YES;
				CLANG_WARN__DUPLICATE_METHOD_MATCH = YES;
				"CODE_SIGN_IDENTITY[sdk=iphoneos*]" = "iPhone Developer";
				COPY_PHASE_STRIP = NO;
				DEBUG_INFORMATION_FORMAT = dwarf;
				ENABLE_STRICT_OBJC_MSGSEND = YES;
				ENABLE_TESTABILITY = YES;
				GCC_C_LANGUAGE_STANDARD = gnu99;
				GCC_DYNAMIC_NO_PIC = NO;
				GCC_NO_COMMON_BLOCKS = YES;
				GCC_OPTIMIZATION_LEVEL = 0;
				GCC_PREPROCESSOR_DEFINITIONS = (
					"DEBUG=1",
					"$(inherited)",
				);
				GCC_WARN_64_TO_32_BIT_CONVERSION = YES;
				GCC_WARN_ABOUT_RETURN_TYPE = YES_ERROR;
				GCC_WARN_UNDECLARED_SELECTOR = YES;
				GCC_WARN_UNINITIALIZED_AUTOS = YES_AGGRESSIVE;
				GCC_WARN_UNUSED_FUNCTION = YES;
				GCC_WARN_UNUSED_VARIABLE = YES;
				IPHONEOS_DEPLOYMENT_TARGET = 10.3;
				MTL_ENABLE_DEBUG_INFO = YES;
				ONLY_ACTIVE_ARCH = YES;
				SDKROOT = iphoneos;
				SWIFT_ACTIVE_COMPILATION_CONDITIONS = DEBUG;
				SWIFT_OPTIMIZATION_LEVEL = "-Onone";
				TARGETED_DEVICE_FAMILY = "1,2";
			};
			name = Debug;
		};
		9853CCE41EF0552C007C60F6 /* Release */ = {
			isa = XCBuildConfiguration;
			buildSettings = {
				ALWAYS_SEARCH_USER_PATHS = NO;
				CLANG_ANALYZER_NONNULL = YES;
				CLANG_ANALYZER_NUMBER_OBJECT_CONVERSION = YES_AGGRESSIVE;
				CLANG_CXX_LANGUAGE_STANDARD = "gnu++0x";
				CLANG_CXX_LIBRARY = "libc++";
				CLANG_ENABLE_MODULES = YES;
				CLANG_ENABLE_OBJC_ARC = YES;
				CLANG_WARN_BOOL_CONVERSION = YES;
				CLANG_WARN_CONSTANT_CONVERSION = YES;
				CLANG_WARN_DIRECT_OBJC_ISA_USAGE = YES_ERROR;
				CLANG_WARN_DOCUMENTATION_COMMENTS = YES;
				CLANG_WARN_EMPTY_BODY = YES;
				CLANG_WARN_ENUM_CONVERSION = YES;
				CLANG_WARN_INFINITE_RECURSION = YES;
				CLANG_WARN_INT_CONVERSION = YES;
				CLANG_WARN_OBJC_ROOT_CLASS = YES_ERROR;
				CLANG_WARN_SUSPICIOUS_MOVE = YES;
				CLANG_WARN_UNREACHABLE_CODE = YES;
				CLANG_WARN__DUPLICATE_METHOD_MATCH = YES;
				"CODE_SIGN_IDENTITY[sdk=iphoneos*]" = "iPhone Developer";
				COPY_PHASE_STRIP = NO;
				DEBUG_INFORMATION_FORMAT = "dwarf-with-dsym";
				ENABLE_NS_ASSERTIONS = NO;
				ENABLE_STRICT_OBJC_MSGSEND = YES;
				GCC_C_LANGUAGE_STANDARD = gnu99;
				GCC_NO_COMMON_BLOCKS = YES;
				GCC_WARN_64_TO_32_BIT_CONVERSION = YES;
				GCC_WARN_ABOUT_RETURN_TYPE = YES_ERROR;
				GCC_WARN_UNDECLARED_SELECTOR = YES;
				GCC_WARN_UNINITIALIZED_AUTOS = YES_AGGRESSIVE;
				GCC_WARN_UNUSED_FUNCTION = YES;
				GCC_WARN_UNUSED_VARIABLE = YES;
				IPHONEOS_DEPLOYMENT_TARGET = 10.3;
				MTL_ENABLE_DEBUG_INFO = NO;
				SDKROOT = iphoneos;
				SWIFT_OPTIMIZATION_LEVEL = "-Owholemodule";
				TARGETED_DEVICE_FAMILY = "1,2";
				VALIDATE_PRODUCT = YES;
			};
			name = Release;
		};
		9853CCE61EF0552C007C60F6 /* Debug */ = {
			isa = XCBuildConfiguration;
			buildSettings = {
				ASSETCATALOG_COMPILER_APPICON_NAME = AppIcon;
				INFOPLIST_FILE = MinorityReport/Info.plist;
				LD_RUNPATH_SEARCH_PATHS = "$(inherited) @executable_path/Frameworks";
				PRODUCT_BUNDLE_IDENTIFIER = "Rubber-Duckies.MinorityReport";
				PRODUCT_NAME = "$(TARGET_NAME)";
				SWIFT_VERSION = 3.0;
			};
			name = Debug;
		};
		9853CCE71EF0552C007C60F6 /* Release */ = {
			isa = XCBuildConfiguration;
			buildSettings = {
				ASSETCATALOG_COMPILER_APPICON_NAME = AppIcon;
				INFOPLIST_FILE = MinorityReport/Info.plist;
				LD_RUNPATH_SEARCH_PATHS = "$(inherited) @executable_path/Frameworks";
				PRODUCT_BUNDLE_IDENTIFIER = "Rubber-Duckies.MinorityReport";
				PRODUCT_NAME = "$(TARGET_NAME)";
				SWIFT_VERSION = 3.0;
			};
			name = Release;
		};
		9853CCE91EF0552C007C60F6 /* Debug */ = {
			isa = XCBuildConfiguration;
			buildSettings = {
				ALWAYS_EMBED_SWIFT_STANDARD_LIBRARIES = YES;
				BUNDLE_LOADER = "$(TEST_HOST)";
				INFOPLIST_FILE = MinorityReportTests/Info.plist;
				LD_RUNPATH_SEARCH_PATHS = "$(inherited) @executable_path/Frameworks @loader_path/Frameworks";
				PRODUCT_BUNDLE_IDENTIFIER = "Rubber-Duckies.MinorityReportTests";
				PRODUCT_NAME = "$(TARGET_NAME)";
				SWIFT_VERSION = 3.0;
				TEST_HOST = "$(BUILT_PRODUCTS_DIR)/MinorityReport.app/MinorityReport";
			};
			name = Debug;
		};
		9853CCEA1EF0552C007C60F6 /* Release */ = {
			isa = XCBuildConfiguration;
			buildSettings = {
				ALWAYS_EMBED_SWIFT_STANDARD_LIBRARIES = YES;
				BUNDLE_LOADER = "$(TEST_HOST)";
				INFOPLIST_FILE = MinorityReportTests/Info.plist;
				LD_RUNPATH_SEARCH_PATHS = "$(inherited) @executable_path/Frameworks @loader_path/Frameworks";
				PRODUCT_BUNDLE_IDENTIFIER = "Rubber-Duckies.MinorityReportTests";
				PRODUCT_NAME = "$(TARGET_NAME)";
				SWIFT_VERSION = 3.0;
				TEST_HOST = "$(BUILT_PRODUCTS_DIR)/MinorityReport.app/MinorityReport";
			};
			name = Release;
		};
		9853CCEC1EF0552C007C60F6 /* Debug */ = {
			isa = XCBuildConfiguration;
			buildSettings = {
				ALWAYS_EMBED_SWIFT_STANDARD_LIBRARIES = YES;
				INFOPLIST_FILE = MinorityReportUITests/Info.plist;
				LD_RUNPATH_SEARCH_PATHS = "$(inherited) @executable_path/Frameworks @loader_path/Frameworks";
				PRODUCT_BUNDLE_IDENTIFIER = "Rubber-Duckies.MinorityReportUITests";
				PRODUCT_NAME = "$(TARGET_NAME)";
				SWIFT_VERSION = 3.0;
				TEST_TARGET_NAME = MinorityReport;
			};
			name = Debug;
		};
		9853CCED1EF0552C007C60F6 /* Release */ = {
			isa = XCBuildConfiguration;
			buildSettings = {
				ALWAYS_EMBED_SWIFT_STANDARD_LIBRARIES = YES;
				INFOPLIST_FILE = MinorityReportUITests/Info.plist;
				LD_RUNPATH_SEARCH_PATHS = "$(inherited) @executable_path/Frameworks @loader_path/Frameworks";
				PRODUCT_BUNDLE_IDENTIFIER = "Rubber-Duckies.MinorityReportUITests";
				PRODUCT_NAME = "$(TARGET_NAME)";
				SWIFT_VERSION = 3.0;
				TEST_TARGET_NAME = MinorityReport;
			};
			name = Release;
		};
/* End XCBuildConfiguration section */

/* Begin XCConfigurationList section */
		9853CCB81EF0552B007C60F6 /* Build configuration list for PBXProject "MinorityReport" */ = {
			isa = XCConfigurationList;
			buildConfigurations = (
				9853CCE31EF0552C007C60F6 /* Debug */,
				9853CCE41EF0552C007C60F6 /* Release */,
			);
			defaultConfigurationIsVisible = 0;
			defaultConfigurationName = Release;
		};
		9853CCE51EF0552C007C60F6 /* Build configuration list for PBXNativeTarget "MinorityReport" */ = {
			isa = XCConfigurationList;
			buildConfigurations = (
				9853CCE61EF0552C007C60F6 /* Debug */,
				9853CCE71EF0552C007C60F6 /* Release */,
			);
			defaultConfigurationIsVisible = 0;
		};
		9853CCE81EF0552C007C60F6 /* Build configuration list for PBXNativeTarget "MinorityReportTests" */ = {
			isa = XCConfigurationList;
			buildConfigurations = (
				9853CCE91EF0552C007C60F6 /* Debug */,
				9853CCEA1EF0552C007C60F6 /* Release */,
			);
			defaultConfigurationIsVisible = 0;
		};
		9853CCEB1EF0552C007C60F6 /* Build configuration list for PBXNativeTarget "MinorityReportUITests" */ = {
			isa = XCConfigurationList;
			buildConfigurations = (
				9853CCEC1EF0552C007C60F6 /* Debug */,
				9853CCED1EF0552C007C60F6 /* Release */,
			);
			defaultConfigurationIsVisible = 0;
		};
/* End XCConfigurationList section */
	};
	rootObject = 9853CCB51EF0552B007C60F6 /* Project object */;
}
